
Microsoft Visual Studio Solution File, Format Version 12.00
# Visual Studio Version 17
VisualStudioVersion = 17.12.35707.178
MinimumVisualStudioVersion = 10.0.40219.1
Project("{FAE04EC0-301F-11D3-BF4B-00C04F79EFBC}") = "TCIS.TTOS.HelperTool.API", "TCIS.TTOS.HelperTool.Api\TCIS.TTOS.HelperTool.API.csproj", "{43D718AD-9AC8-4B6E-87AC-6ABA5F195245}"
EndProject
Project("{FAE04EC0-301F-11D3-BF4B-00C04F79EFBC}") = "TCIS.TTOS.ToolHelper.Common", "TCIS.TTOS.ToolHelper.Common\TCIS.TTOS.ToolHelper.Common.csproj", "{AF5A3C3D-8864-48B0-B113-761891973011}"
EndProject
Project("{FAE04EC0-301F-11D3-BF4B-00C04F79EFBC}") = "TCIS.TTOS.ToolHelper.Dal", "TCIS.TTOS.ToolHelper.Dal\TCIS.TTOS.ToolHelper.Dal.csproj", "{D20728B3-318E-4FA2-AFA3-956D21084A60}"
EndProject
Global
	GlobalSection(SolutionConfigurationPlatforms) = preSolution
		Debug|Any CPU = Debug|Any CPU
		Release|Any CPU = Release|Any CPU
	EndGlobalSection
	GlobalSection(ProjectConfigurationPlatforms) = postSolution
		{43D718AD-9AC8-4B6E-87AC-6ABA5F195245}.Debug|Any CPU.ActiveCfg = Debug|Any CPU
		{43D718AD-9AC8-4B6E-87AC-6ABA5F195245}.Debug|Any CPU.Build.0 = Debug|Any CPU
		{43D718AD-9AC8-4B6E-87AC-6ABA5F195245}.Release|Any CPU.ActiveCfg = Release|Any CPU
		{43D718AD-9AC8-4B6E-87AC-6ABA5F195245}.Release|Any CPU.Build.0 = Release|Any CPU
		{AF5A3C3D-8864-48B0-B113-761891973011}.Debug|Any CPU.ActiveCfg = Debug|Any CPU
		{AF5A3C3D-8864-48B0-B113-761891973011}.Debug|Any CPU.Build.0 = Debug|Any CPU
		{AF5A3C3D-8864-48B0-B113-761891973011}.Release|Any CPU.ActiveCfg = Release|Any CPU
		{AF5A3C3D-8864-48B0-B113-761891973011}.Release|Any CPU.Build.0 = Release|Any CPU
		{D20728B3-318E-4FA2-AFA3-956D21084A60}.Debug|Any CPU.ActiveCfg = Debug|Any CPU
		{D20728B3-318E-4FA2-AFA3-956D21084A60}.Debug|Any CPU.Build.0 = Debug|Any CPU
		{D20728B3-318E-4FA2-AFA3-956D21084A60}.Release|Any CPU.ActiveCfg = Release|Any CPU
		{D20728B3-318E-4FA2-AFA3-956D21084A60}.Release|Any CPU.Build.0 = Release|Any CPU
	EndGlobalSection
	GlobalSection(SolutionProperties) = preSolution
		HideSolutionNode = FALSE
	EndGlobalSection
EndGlobal
